{
  "name": "archiagent-dwg2dxf",
  "version": "0.1.0",
  "lockfileVersion": 3,
  "requires": true,
  "packages": {
    "": {
      "name": "archiagent-dwg2dxf",
      "version": "0.1.0",
      "license": "GPL-3.0-or-later",
      "dependencies": {
        "@mlightcad/libredwg-web": "0.7.15"
      },
      "bin": {
        "dwg2dxf": "convert.mjs"
      },
      "engines": {
        "node": ">=20"
      }
    },
    "node_modules/@mlightcad/libredwg-web": {
      "version": "0.7.15",
      "resolved": "https://registry.npmjs.org/@mlightcad/libredwg-web/-/libredwg-web-0.7.15.tgz",
      "integrity": "sha512-OblFsinWJcDacbQNPMAey6aIuHOrB2+ziUXvzJfix9XmBZ6461kDAiyz4jFs3hNxVc65Ojuqv15VPtSdfiggKA==",
      "license": "GPL-3.0",
      "engines": {
        "node": ">=20"
      }
    }
  }
}
